
Microsoft Visual Studio Solution File, Format Version 12.00
# Visual Studio Version 17
VisualStudioVersion = 17.9.34701.34
MinimumVisualStudioVersion = 10.0.40219.1
Project("{FAE04EC0-301F-11D3-BF4B-00C04F79EFBC}") = "DoctorsAppointmentScheduling.Presentation", "DoctorsAppointmentScheduling.Presentation\DoctorsAppointmentScheduling.Presentation.csproj", "{9B7ADEEB-4E99-4CD2-A763-89A5D04EA909}"
EndProject
Project("{FAE04EC0-301F-11D3-BF4B-00C04F79EFBC}") = "DoctorsAppointmentScheduling.Data", "DoctorsAppointmentScheduling.Data\DoctorsAppointmentScheduling.Data.csproj", "{8241930C-61F8-455E-8B19-141720AA86AA}"
EndProject
Project("{FAE04EC0-301F-11D3-BF4B-00C04F79EFBC}") = "DoctorsAppointmentScheduling.Domain", "DoctorsAppointmentScheduling.Domain\DoctorsAppointmentScheduling.Domain.csproj", "{86D01225-0BDB-4AAC-B516-BE648DB31B1F}"
EndProject
Project("{FAE04EC0-301F-11D3-BF4B-00C04F79EFBC}") = "DoctorsAppointmentScheduling.Application", "DoctorsAppointmentScheduling.Application\DoctorsAppointmentScheduling.Application.csproj", "{B6AF747A-F857-4FFC-9B11-80CC8BBF710D}"
EndProject
Project("{FAE04EC0-301F-11D3-BF4B-00C04F79EFBC}") = "DoctorsAppointmentScheduling.Ioc", "DoctorsAppointmentScheduling.Ioc\DoctorsAppointmentScheduling.Ioc.csproj", "{CD1037A2-A1EB-46F4-A755-9FEA908ED0FC}"
EndProject
Global
	GlobalSection(SolutionConfigurationPlatforms) = preSolution
		Debug|Any CPU = Debug|Any CPU
		Release|Any CPU = Release|Any CPU
	EndGlobalSection
	GlobalSection(ProjectConfigurationPlatforms) = postSolution
		{9B7ADEEB-4E99-4CD2-A763-89A5D04EA909}.Debug|Any CPU.ActiveCfg = Debug|Any CPU
		{9B7ADEEB-4E99-4CD2-A763-89A5D04EA909}.Debug|Any CPU.Build.0 = Debug|Any CPU
		{9B7ADEEB-4E99-4CD2-A763-89A5D04EA909}.Release|Any CPU.ActiveCfg = Release|Any CPU
		{9B7ADEEB-4E99-4CD2-A763-89A5D04EA909}.Release|Any CPU.Build.0 = Release|Any CPU
		{8241930C-61F8-455E-8B19-141720AA86AA}.Debug|Any CPU.ActiveCfg = Debug|Any CPU
		{8241930C-61F8-455E-8B19-141720AA86AA}.Debug|Any CPU.Build.0 = Debug|Any CPU
		{8241930C-61F8-455E-8B19-141720AA86AA}.Release|Any CPU.ActiveCfg = Release|Any CPU
		{8241930C-61F8-455E-8B19-141720AA86AA}.Release|Any CPU.Build.0 = Release|Any CPU
		{86D01225-0BDB-4AAC-B516-BE648DB31B1F}.Debug|Any CPU.ActiveCfg = Debug|Any CPU
		{86D01225-0BDB-4AAC-B516-BE648DB31B1F}.Debug|Any CPU.Build.0 = Debug|Any CPU
		{86D01225-0BDB-4AAC-B516-BE648DB31B1F}.Release|Any CPU.ActiveCfg = Release|Any CPU
		{86D01225-0BDB-4AAC-B516-BE648DB31B1F}.Release|Any CPU.Build.0 = Release|Any CPU
		{B6AF747A-F857-4FFC-9B11-80CC8BBF710D}.Debug|Any CPU.ActiveCfg = Debug|Any CPU
		{B6AF747A-F857-4FFC-9B11-80CC8BBF710D}.Debug|Any CPU.Build.0 = Debug|Any CPU
		{B6AF747A-F857-4FFC-9B11-80CC8BBF710D}.Release|Any CPU.ActiveCfg = Release|Any CPU
		{B6AF747A-F857-4FFC-9B11-80CC8BBF710D}.Release|Any CPU.Build.0 = Release|Any CPU
		{CD1037A2-A1EB-46F4-A755-9FEA908ED0FC}.Debug|Any CPU.ActiveCfg = Debug|Any CPU
		{CD1037A2-A1EB-46F4-A755-9FEA908ED0FC}.Debug|Any CPU.Build.0 = Debug|Any CPU
		{CD1037A2-A1EB-46F4-A755-9FEA908ED0FC}.Release|Any CPU.ActiveCfg = Release|Any CPU
		{CD1037A2-A1EB-46F4-A755-9FEA908ED0FC}.Release|Any CPU.Build.0 = Release|Any CPU
	EndGlobalSection
	GlobalSection(SolutionProperties) = preSolution
		HideSolutionNode = FALSE
	EndGlobalSection
	GlobalSection(ExtensibilityGlobals) = postSolution
		SolutionGuid = {3587D247-C5D3-49CA-8D58-CE9DBBB5CEB6}
	EndGlobalSection
EndGlobal
